{
  "requires": true,
  "lockfileVersion": 1,
  "dependencies": {
    "react-native-ble-manager": {
      "version": "8.4.0",
      "resolved": "https://registry.npmjs.org/react-native-ble-manager/-/react-native-ble-manager-8.4.0.tgz",
      "integrity": "sha512-ak2qojir15OZAJmAqMORP9TXMUxWXKazMuoxM27DdRwp6ey9mH014pkyv22ZLVeKV2/Ci8IxUy18EoPtFJX5Sw=="
    }
  }
}
